
Microsoft Visual Studio Solution File, Format Version 12.00
# Visual Studio Version 16
VisualStudioVersion = 16.0.32630.194
MinimumVisualStudioVersion = 10.0.40219.1
Project("{FAE04EC0-301F-11D3-BF4B-00C04F79EFBC}") = "első", "első\első.csproj", "{F9C8F059-D430-42E3-AA7C-B64F5F805451}"
EndProject
Global
	GlobalSection(SolutionConfigurationPlatforms) = preSolution
		Debug|Any CPU = Debug|Any CPU
		Release|Any CPU = Release|Any CPU
	EndGlobalSection
	GlobalSection(ProjectConfigurationPlatforms) = postSolution
		{F9C8F059-D430-42E3-AA7C-B64F5F805451}.Debug|Any CPU.ActiveCfg = Debug|Any CPU
		{F9C8F059-D430-42E3-AA7C-B64F5F805451}.Debug|Any CPU.Build.0 = Debug|Any CPU
		{F9C8F059-D430-42E3-AA7C-B64F5F805451}.Release|Any CPU.ActiveCfg = Release|Any CPU
		{F9C8F059-D430-42E3-AA7C-B64F5F805451}.Release|Any CPU.Build.0 = Release|Any CPU
	EndGlobalSection
	GlobalSection(SolutionProperties) = preSolution
		HideSolutionNode = FALSE
	EndGlobalSection
	GlobalSection(ExtensibilityGlobals) = postSolution
		SolutionGuid = {1A219B58-C40F-4C89-A0C3-110035CFAA80}
	EndGlobalSection
EndGlobal
